<?xml version="1.0" encoding="utf-8"?>
<Project ToolsVersion="4.0" xmlns="http://schemas.microsoft.com/developer/msbuild/2003">
  <ItemGroup>
    <Filter Include="Source Files">
      <UniqueIdentifier>{4FC737F1-C7A5-4376-A066-2A32D752A2FF}</UniqueIdentifier>
      <Extensions>cpp;c;cxx;def;odl;idl;hpj;bat;asm;asmx</Extensions>
    </Filter>
    <Filter Include="Header Files">
      <UniqueIdentifier>{93995380-89BD-4b04-88EB-625FBE52EBFB}</UniqueIdentifier>
      <Extensions>h;hpp;hxx;hm;inl;inc;xsd</Extensions>
    </Filter>
    <Filter Include="Resource Files">
      <UniqueIdentifier>{67DA6AB6-F800-4c08-8B7A-83BB121AAD01}</UniqueIdentifier>
      <Extensions>rc;ico;cur;bmp;dlg;rc2;rct;bin;rgs;gif;jpg;jpeg;jpe;resx</Extensions>
    </Filter>
    <Filter Include="Dialog">
      <UniqueIdentifier>{2672be28-cc93-4287-81f7-8b68327d6adc}</UniqueIdentifier>
    </Filter>
    <Filter Include="Common">
      <UniqueIdentifier>{7524e262-7451-4ae9-82f3-7f6f7a3f319d}</UniqueIdentifier>
    </Filter>
    <Filter Include="GridCell">
      <UniqueIdentifier>{e98d52ff-5d24-4fdd-998c-8ef95eef1b9e}</UniqueIdentifier>
    </Filter>
    <Filter Include="GDFManager">
      <UniqueIdentifier>{587fe873-dd00-44d7-9186-dab5ab6b88dc}</UniqueIdentifier>
    </Filter>
    <Filter Include="GDFPackageMaker">
      <UniqueIdentifier>{13b00eb0-3cf8-454d-a1df-c5496d363b97}</UniqueIdentifier>
    </Filter>
    <Filter Include="GDFStream">
      <UniqueIdentifier>{41763463-f793-4113-8a4f-44ae3dd4a0a1}</UniqueIdentifier>
    </Filter>
    <Filter Include="FindFile">
      <UniqueIdentifier>{8d7767aa-ac2a-496a-8fc5-1cf39851214d}</UniqueIdentifier>
    </Filter>
    <Filter Include="Configure">
      <UniqueIdentifier>{34bc1898-a926-467e-bd0f-1edf1081ba98}</UniqueIdentifier>
    </Filter>
  </ItemGroup>
  <ItemGroup>
    <ClCompile Include="..\QGLPublish\QGLPublish.cpp">
      <Filter>Source Files</Filter>
    </ClCompile>
    <ClCompile Include="..\QGLPublish\QGLPublishDlg.cpp">
      <Filter>Source Files</Filter>
    </ClCompile>
    <ClCompile Include="..\QGLPublish\QGLMerger.cpp">
      <Filter>Dialog</Filter>
    </ClCompile>
    <ClCompile Include="..\QGLPublish\QGLNewPatchDlg.cpp">
      <Filter>Dialog</Filter>
    </ClCompile>
    <ClCompile Include="..\QGLPublish\QGLOpenPatchDlg.cpp">
      <Filter>Dialog</Filter>
    </ClCompile>
    <ClCompile Include="..\QGLPublish\QGLSettingDlg.cpp">
      <Filter>Dialog</Filter>
    </ClCompile>
    <ClCompile Include="..\Common\common.cpp">
      <Filter>Common</Filter>
    </ClCompile>
    <ClCompile Include="..\QGLPatcher\Exception.cpp">
      <Filter>Common</Filter>
    </ClCompile>
    <ClCompile Include="..\QGLPublish\stdafx.cpp">
      <Filter>Common</Filter>
    </ClCompile>
    <ClCompile Include="..\GDFPackager\GDFFile.cpp">
      <Filter>GDFManager</Filter>
    </ClCompile>
    <ClCompile Include="..\GDFPackager\GDFManager.cpp">
      <Filter>GDFManager</Filter>
    </ClCompile>
    <ClCompile Include="..\GDFPackager\GDFPackageMaker.cpp">
      <Filter>GDFPackageMaker</Filter>
    </ClCompile>
    <ClCompile Include="..\GDFPackager\GDFStream.cpp">
      <Filter>GDFStream</Filter>
    </ClCompile>
    <ClCompile Include="..\GDFPackager\CFindFile.cpp">
      <Filter>FindFile</Filter>
    </ClCompile>
    <ClCompile Include="..\QGLPublish\Configure.cpp">
      <Filter>Configure</Filter>
    </ClCompile>
    <ClCompile Include="..\QGLPublish\ConfigureFilelist.cpp">
      <Filter>Configure</Filter>
    </ClCompile>
    <ClCompile Include="..\QGLPublish\ConfigureRevertlist.cpp">
      <Filter>Configure</Filter>
    </ClCompile>
    <ClCompile Include="..\QGLPublish\ConfigureSummary.cpp">
      <Filter>Configure</Filter>
    </ClCompile>
    <ClCompile Include="..\QGLPublish\ConfigureSVN.cpp">
      <Filter>Configure</Filter>
    </ClCompile>
  </ItemGroup>
  <ItemGroup>
    <ClInclude Include="..\QGLPublish\QGLPublish.h">
      <Filter>Header Files</Filter>
    </ClInclude>
    <ClInclude Include="..\QGLPublish\QGLPublishDlg.h">
      <Filter>Header Files</Filter>
    </ClInclude>
    <ClInclude Include="..\QGLPublish\Resource.h">
      <Filter>Header Files</Filter>
    </ClInclude>
    <ClInclude Include="..\QGLPublish\QGLMerger.h">
      <Filter>Dialog</Filter>
    </ClInclude>
    <ClInclude Include="..\QGLPublish\QGLNewPatchDlg.h">
      <Filter>Dialog</Filter>
    </ClInclude>
    <ClInclude Include="..\QGLPublish\QGLOpenPatchDlg.h">
      <Filter>Dialog</Filter>
    </ClInclude>
    <ClInclude Include="..\QGLPublish\QGLSettingDlg.h">
      <Filter>Dialog</Filter>
    </ClInclude>
    <ClInclude Include="..\Common\common.h">
      <Filter>Common</Filter>
    </ClInclude>
    <ClInclude Include="..\Common\Exception.h">
      <Filter>Common</Filter>
    </ClInclude>
    <ClInclude Include="..\QGLPublish\stdafx.h">
      <Filter>Common</Filter>
    </ClInclude>
    <ClInclude Include="..\Library\MFCGridCtrl\MFCGridCtrl\CellRange.h">
      <Filter>GridCell</Filter>
    </ClInclude>
    <ClInclude Include="..\Library\MFCGridCtrl\MFCGridCtrl\GridCell.h">
      <Filter>GridCell</Filter>
    </ClInclude>
    <ClInclude Include="..\Library\MFCGridCtrl\MFCGridCtrl\GridCellBase.h">
      <Filter>GridCell</Filter>
    </ClInclude>
    <ClInclude Include="..\Library\MFCGridCtrl\MFCGridCtrl\GridCellCheck.h">
      <Filter>GridCell</Filter>
    </ClInclude>
    <ClInclude Include="..\Library\MFCGridCtrl\MFCGridCtrl\GridCellCombo.h">
      <Filter>GridCell</Filter>
    </ClInclude>
    <ClInclude Include="..\Library\MFCGridCtrl\MFCGridCtrl\GridCellDateTime.h">
      <Filter>GridCell</Filter>
    </ClInclude>
    <ClInclude Include="..\Library\MFCGridCtrl\MFCGridCtrl\GridCellFile.h">
      <Filter>GridCell</Filter>
    </ClInclude>
    <ClInclude Include="..\Library\MFCGridCtrl\MFCGridCtrl\GridCellFileDialog.h">
      <Filter>GridCell</Filter>
    </ClInclude>
    <ClInclude Include="..\Library\MFCGridCtrl\MFCGridCtrl\GridCellNumeric.h">
      <Filter>GridCell</Filter>
    </ClInclude>
    <ClInclude Include="..\Library\MFCGridCtrl\MFCGridCtrl\GridCtrl.h">
      <Filter>GridCell</Filter>
    </ClInclude>
    <ClInclude Include="..\Library\MFCGridCtrl\MFCGridCtrl\GridDropTarget.h">
      <Filter>GridCell</Filter>
    </ClInclude>
    <ClInclude Include="..\Library\MFCGridCtrl\MFCGridCtrl\GridURLCell.h">
      <Filter>GridCell</Filter>
    </ClInclude>
    <ClInclude Include="..\Library\MFCGridCtrl\MFCGridCtrl\InPlaceEdit.h">
      <Filter>GridCell</Filter>
    </ClInclude>
    <ClInclude Include="..\Library\MFCGridCtrl\MFCGridCtrl\MemDC.h">
      <Filter>GridCell</Filter>
    </ClInclude>
    <ClInclude Include="..\Library\MFCGridCtrl\MFCGridCtrl\stdafx.h">
      <Filter>GridCell</Filter>
    </ClInclude>
    <ClInclude Include="..\Library\MFCGridCtrl\MFCGridCtrl\TitleTip.h">
      <Filter>GridCell</Filter>
    </ClInclude>
    <ClInclude Include="..\GDFPackager\GDFFile.h">
      <Filter>GDFManager</Filter>
    </ClInclude>
    <ClInclude Include="..\GDFPackager\GDFManager.h">
      <Filter>GDFManager</Filter>
    </ClInclude>
    <ClInclude Include="..\GDFPackager\GDFPackageMaker.h">
      <Filter>GDFPackageMaker</Filter>
    </ClInclude>
    <ClInclude Include="..\GDFPackager\GDFStream.h">
      <Filter>GDFStream</Filter>
    </ClInclude>
    <ClInclude Include="..\GDFPackager\GDFStreamData.h">
      <Filter>GDFStream</Filter>
    </ClInclude>
    <ClInclude Include="..\GDFPackager\CFindFile.h">
      <Filter>FindFile</Filter>
    </ClInclude>
    <ClInclude Include="..\QGLPublish\Configure.h">
      <Filter>Configure</Filter>
    </ClInclude>
    <ClInclude Include="..\QGLPublish\ConfigureFilelist.h">
      <Filter>Configure</Filter>
    </ClInclude>
    <ClInclude Include="..\QGLPublish\ConfigureRevertlist.h">
      <Filter>Configure</Filter>
    </ClInclude>
    <ClInclude Include="..\QGLPublish\ConfigureSummary.h">
      <Filter>Configure</Filter>
    </ClInclude>
    <ClInclude Include="..\QGLPublish\ConfigureSVN.h">
      <Filter>Configure</Filter>
    </ClInclude>
  </ItemGroup>
  <ItemGroup>
    <Image Include="..\QGLPublish\res\QGLPublish.ico">
      <Filter>Resource Files</Filter>
    </Image>
  </ItemGroup>
  <ItemGroup>
    <ResourceCompile Include="..\QGLPublish\QGLPublish.rc">
      <Filter>Resource Files</Filter>
    </ResourceCompile>
  </ItemGroup>
  <ItemGroup>
    <None Include="..\QGLPublish\res\QGLPublish.rc2">
      <Filter>Resource Files</Filter>
    </None>
  </ItemGroup>
  <ItemGroup>
    <Manifest Include="..\QGLPublish\res\QGLPublish.manifest" />
  </ItemGroup>
  <ItemGroup>
    <Text Include="..\QGLPublish\ReadMe.txt" />
  </ItemGroup>
</Project>