<?xml version="1.0" encoding="utf-8"?>
<Project ToolsVersion="4.0" xmlns="http://schemas.microsoft.com/developer/msbuild/2003">
  <ItemGroup>
    <Filter Include="Source Files">
      <UniqueIdentifier>{4FC737F1-C7A5-4376-A066-2A32D752A2FF}</UniqueIdentifier>
      <Extensions>cpp;c;cxx;def;odl;idl;hpj;bat;asm;asmx</Extensions>
    </Filter>
    <Filter Include="Header Files">
      <UniqueIdentifier>{93995380-89BD-4b04-88EB-625FBE52EBFB}</UniqueIdentifier>
      <Extensions>h;hpp;hxx;hm;inl;inc;xsd</Extensions>
    </Filter>
    <Filter Include="Resource Files">
      <UniqueIdentifier>{67DA6AB6-F800-4c08-8B7A-83BB121AAD01}</UniqueIdentifier>
      <Extensions>rc;ico;cur;bmp;dlg;rc2;rct;bin;rgs;gif;jpg;jpeg;jpe;resx</Extensions>
    </Filter>
    <Filter Include="FindFile">
      <UniqueIdentifier>{20db7e8e-6cbb-4045-9e6e-d2124bbbb9c0}</UniqueIdentifier>
    </Filter>
    <Filter Include="GameStringTable">
      <UniqueIdentifier>{837b407a-2394-4924-9a39-60cae149eb3e}</UniqueIdentifier>
    </Filter>
  </ItemGroup>
  <ItemGroup>
    <ClCompile Include="..\Update\Exception.cpp">
      <Filter>Source Files</Filter>
    </ClCompile>
    <ClCompile Include="..\Update\stdafx.cpp">
      <Filter>Source Files</Filter>
    </ClCompile>
    <ClCompile Include="..\Update\Update.cpp">
      <Filter>Source Files</Filter>
    </ClCompile>
    <ClCompile Include="..\Update\UpdateDlg.cpp">
      <Filter>Source Files</Filter>
    </ClCompile>
    <ClCompile Include="..\GDFPackager\CFindFile.cpp">
      <Filter>FindFile</Filter>
    </ClCompile>
    <ClCompile Include="..\QGLPatcher\GameStringTable.cpp">
      <Filter>GameStringTable</Filter>
    </ClCompile>
    <ClCompile Include="..\QGLPatcher\QGLCSVTReader.cpp">
      <Filter>GameStringTable</Filter>
    </ClCompile>
    <ClCompile Include="..\QGLPatcher\UTF8File.cpp">
      <Filter>GameStringTable</Filter>
    </ClCompile>
  </ItemGroup>
  <ItemGroup>
    <ClInclude Include="..\Common\Exception.h">
      <Filter>Header Files</Filter>
    </ClInclude>
    <ClInclude Include="..\Update\Resource.h">
      <Filter>Header Files</Filter>
    </ClInclude>
    <ClInclude Include="..\Update\stdafx.h">
      <Filter>Header Files</Filter>
    </ClInclude>
    <ClInclude Include="..\Update\Update.h">
      <Filter>Header Files</Filter>
    </ClInclude>
    <ClInclude Include="..\Update\UpdateDlg.h">
      <Filter>Header Files</Filter>
    </ClInclude>
    <ClInclude Include="..\GDFPackager\CFindFile.h">
      <Filter>FindFile</Filter>
    </ClInclude>
    <ClInclude Include="..\QGLPatcher\GameStringTable.h">
      <Filter>GameStringTable</Filter>
    </ClInclude>
    <ClInclude Include="..\QGLPatcher\QGLCSVTReader.h">
      <Filter>GameStringTable</Filter>
    </ClInclude>
    <ClInclude Include="..\QGLPatcher\UTF8File.h">
      <Filter>GameStringTable</Filter>
    </ClInclude>
  </ItemGroup>
  <ItemGroup>
    <Image Include="..\Update\res\Update.ico">
      <Filter>Resource Files</Filter>
    </Image>
  </ItemGroup>
  <ItemGroup>
    <ResourceCompile Include="..\Update\Update.rc">
      <Filter>Resource Files</Filter>
    </ResourceCompile>
  </ItemGroup>
  <ItemGroup>
    <None Include="..\Update\res\Update.rc2">
      <Filter>Resource Files</Filter>
    </None>
  </ItemGroup>
</Project>